
Microsoft Visual Studio Solution File, Format Version 12.00
# Visual Studio Version 17
VisualStudioVersion = 17.8.34511.84
MinimumVisualStudioVersion = 10.0.40219.1
Project("{9A19103F-16F7-4668-BE54-9A1E7A4F7556}") = "Entities", "Entities\Entities.csproj", "{65082084-4160-4CE1-885D-B5B3D5F200FF}"
EndProject
Project("{9A19103F-16F7-4668-BE54-9A1E7A4F7556}") = "EngAce.Api", "EngAce.Api\EngAce.Api.csproj", "{25AA1613-7609-4482-9CAB-232FFF3214A0}"
EndProject
Project("{9A19103F-16F7-4668-BE54-9A1E7A4F7556}") = "Helper", "Helper\Helper.csproj", "{9D0845A2-6BCC-421D-B0D6-06CF0F29799E}"
EndProject
Project("{FAE04EC0-301F-11D3-BF4B-00C04F79EFBC}") = "Events", "Events\Events.csproj", "{DC3DA4AF-AC8E-4371-A8C8-B3CCDA84E593}"
EndProject
Global
	GlobalSection(SolutionConfigurationPlatforms) = preSolution
		Debug|Any CPU = Debug|Any CPU
		Release|Any CPU = Release|Any CPU
	EndGlobalSection
	GlobalSection(ProjectConfigurationPlatforms) = postSolution
		{65082084-4160-4CE1-885D-B5B3D5F200FF}.Debug|Any CPU.ActiveCfg = Debug|Any CPU
		{65082084-4160-4CE1-885D-B5B3D5F200FF}.Debug|Any CPU.Build.0 = Debug|Any CPU
		{65082084-4160-4CE1-885D-B5B3D5F200FF}.Release|Any CPU.ActiveCfg = Release|Any CPU
		{65082084-4160-4CE1-885D-B5B3D5F200FF}.Release|Any CPU.Build.0 = Release|Any CPU
		{25AA1613-7609-4482-9CAB-232FFF3214A0}.Debug|Any CPU.ActiveCfg = Debug|Any CPU
		{25AA1613-7609-4482-9CAB-232FFF3214A0}.Debug|Any CPU.Build.0 = Debug|Any CPU
		{25AA1613-7609-4482-9CAB-232FFF3214A0}.Release|Any CPU.ActiveCfg = Release|Any CPU
		{25AA1613-7609-4482-9CAB-232FFF3214A0}.Release|Any CPU.Build.0 = Release|Any CPU
		{9D0845A2-6BCC-421D-B0D6-06CF0F29799E}.Debug|Any CPU.ActiveCfg = Debug|Any CPU
		{9D0845A2-6BCC-421D-B0D6-06CF0F29799E}.Debug|Any CPU.Build.0 = Debug|Any CPU
		{9D0845A2-6BCC-421D-B0D6-06CF0F29799E}.Release|Any CPU.ActiveCfg = Release|Any CPU
		{9D0845A2-6BCC-421D-B0D6-06CF0F29799E}.Release|Any CPU.Build.0 = Release|Any CPU
		{DC3DA4AF-AC8E-4371-A8C8-B3CCDA84E593}.Debug|Any CPU.ActiveCfg = Debug|Any CPU
		{DC3DA4AF-AC8E-4371-A8C8-B3CCDA84E593}.Debug|Any CPU.Build.0 = Debug|Any CPU
		{DC3DA4AF-AC8E-4371-A8C8-B3CCDA84E593}.Release|Any CPU.ActiveCfg = Release|Any CPU
		{DC3DA4AF-AC8E-4371-A8C8-B3CCDA84E593}.Release|Any CPU.Build.0 = Release|Any CPU
	EndGlobalSection
	GlobalSection(SolutionProperties) = preSolution
		HideSolutionNode = FALSE
	EndGlobalSection
	GlobalSection(ExtensibilityGlobals) = postSolution
		SolutionGuid = {89D612B9-23F7-423B-B4A3-35A349353E87}
	EndGlobalSection
EndGlobal
